
Microsoft Visual Studio Solution File, Format Version 12.00
# Visual Studio Version 17
VisualStudioVersion = 17.4.33122.133
MinimumVisualStudioVersion = 10.0.40219.1
Project("{FAE04EC0-301F-11D3-BF4B-00C04F79EFBC}") = "calculator", "calculator\calculator.csproj", "{DA5F161B-2AEB-4672-82BF-40E91B618A95}"
EndProject
Global
	GlobalSection(SolutionConfigurationPlatforms) = preSolution
		Debug|Any CPU = Debug|Any CPU
		Release|Any CPU = Release|Any CPU
	EndGlobalSection
	GlobalSection(ProjectConfigurationPlatforms) = postSolution
		{DA5F161B-2AEB-4672-82BF-40E91B618A95}.Debug|Any CPU.ActiveCfg = Debug|Any CPU
		{DA5F161B-2AEB-4672-82BF-40E91B618A95}.Debug|Any CPU.Build.0 = Debug|Any CPU
		{DA5F161B-2AEB-4672-82BF-40E91B618A95}.Release|Any CPU.ActiveCfg = Release|Any CPU
		{DA5F161B-2AEB-4672-82BF-40E91B618A95}.Release|Any CPU.Build.0 = Release|Any CPU
	EndGlobalSection
	GlobalSection(SolutionProperties) = preSolution
		HideSolutionNode = FALSE
	EndGlobalSection
	GlobalSection(ExtensibilityGlobals) = postSolution
		SolutionGuid = {1ECA1A1F-0357-47E6-B1C2-42D60898F979}
	EndGlobalSection
EndGlobal
